
Microsoft Visual Studio Solution File, Format Version 12.00
# Visual Studio Version 16
VisualStudioVersion = 16.0.33214.272
MinimumVisualStudioVersion = 10.0.40219.1
Project("{FAE04EC0-301F-11D3-BF4B-00C04F79EFBC}") = "GrpcClient", "GrpcClient\GrpcClient.csproj", "{409E771C-FB45-4632-A011-3A195984440B}"
EndProject
Global
	GlobalSection(SolutionConfigurationPlatforms) = preSolution
		Debug|Any CPU = Debug|Any CPU
		Release|Any CPU = Release|Any CPU
	EndGlobalSection
	GlobalSection(ProjectConfigurationPlatforms) = postSolution
		{409E771C-FB45-4632-A011-3A195984440B}.Debug|Any CPU.ActiveCfg = Debug|Any CPU
		{409E771C-FB45-4632-A011-3A195984440B}.Debug|Any CPU.Build.0 = Debug|Any CPU
		{409E771C-FB45-4632-A011-3A195984440B}.Release|Any CPU.ActiveCfg = Release|Any CPU
		{409E771C-FB45-4632-A011-3A195984440B}.Release|Any CPU.Build.0 = Release|Any CPU
	EndGlobalSection
	GlobalSection(SolutionProperties) = preSolution
		HideSolutionNode = FALSE
	EndGlobalSection
	GlobalSection(ExtensibilityGlobals) = postSolution
		SolutionGuid = {3869AF31-0D15-4157-BDF7-80B6069FE4AE}
	EndGlobalSection
EndGlobal
