
Microsoft Visual Studio Solution File, Format Version 12.00
# Visual Studio Version 16
VisualStudioVersion = 16.0.33214.272
MinimumVisualStudioVersion = 10.0.40219.1
Project("{FAE04EC0-301F-11D3-BF4B-00C04F79EFBC}") = "IoT1", "IoT1\IoT1.csproj", "{6407FEBB-F590-4492-A919-478D3BBF1CFE}"
EndProject
Project("{FAE04EC0-301F-11D3-BF4B-00C04F79EFBC}") = "GrpcClient", "GrpcClient\GrpcClient.csproj", "{A34C6512-2F18-42D7-A2DD-4C1ED61AA6F9}"
EndProject
Global
	GlobalSection(SolutionConfigurationPlatforms) = preSolution
		Debug|Any CPU = Debug|Any CPU
		Release|Any CPU = Release|Any CPU
	EndGlobalSection
	GlobalSection(ProjectConfigurationPlatforms) = postSolution
		{6407FEBB-F590-4492-A919-478D3BBF1CFE}.Debug|Any CPU.ActiveCfg = Debug|Any CPU
		{6407FEBB-F590-4492-A919-478D3BBF1CFE}.Debug|Any CPU.Build.0 = Debug|Any CPU
		{6407FEBB-F590-4492-A919-478D3BBF1CFE}.Release|Any CPU.ActiveCfg = Release|Any CPU
		{6407FEBB-F590-4492-A919-478D3BBF1CFE}.Release|Any CPU.Build.0 = Release|Any CPU
		{A34C6512-2F18-42D7-A2DD-4C1ED61AA6F9}.Debug|Any CPU.ActiveCfg = Debug|Any CPU
		{A34C6512-2F18-42D7-A2DD-4C1ED61AA6F9}.Debug|Any CPU.Build.0 = Debug|Any CPU
		{A34C6512-2F18-42D7-A2DD-4C1ED61AA6F9}.Release|Any CPU.ActiveCfg = Release|Any CPU
		{A34C6512-2F18-42D7-A2DD-4C1ED61AA6F9}.Release|Any CPU.Build.0 = Release|Any CPU
	EndGlobalSection
	GlobalSection(SolutionProperties) = preSolution
		HideSolutionNode = FALSE
	EndGlobalSection
	GlobalSection(ExtensibilityGlobals) = postSolution
		SolutionGuid = {39AF978F-41C0-44B0-9C75-A84B0E66B98A}
	EndGlobalSection
EndGlobal
